
Microsoft Visual Studio Solution File, Format Version 12.00
# Visual Studio 15
Project("{FAE04EC0-301F-11D3-BF4B-00C04F79EFBC}") = "lzm", "lzm.csproj", "{971C1B24-7DFB-3069-E2E6-EBF531815A9E}"
EndProject
Project("{FAE04EC0-301F-11D3-BF4B-00C04F79EFBC}") = "lzm.Editor", "lzm.Editor.csproj", "{ED3E1808-63A1-253E-C53D-CF19EB8528DC}"
EndProject
Global
	GlobalSection(SolutionConfigurationPlatforms) = preSolution
		Debug|Any CPU = Debug|Any CPU
		Release|Any CPU = Release|Any CPU
	EndGlobalSection
	GlobalSection(ProjectConfigurationPlatforms) = postSolution
		{971C1B24-7DFB-3069-E2E6-EBF531815A9E}.Debug|Any CPU.ActiveCfg = Debug|Any CPU
		{971C1B24-7DFB-3069-E2E6-EBF531815A9E}.Debug|Any CPU.Build.0 = Debug|Any CPU
		{971C1B24-7DFB-3069-E2E6-EBF531815A9E}.Release|Any CPU.ActiveCfg = Release|Any CPU
		{971C1B24-7DFB-3069-E2E6-EBF531815A9E}.Release|Any CPU.Build.0 = Release|Any CPU
		{ED3E1808-63A1-253E-C53D-CF19EB8528DC}.Debug|Any CPU.ActiveCfg = Debug|Any CPU
		{ED3E1808-63A1-253E-C53D-CF19EB8528DC}.Debug|Any CPU.Build.0 = Debug|Any CPU
		{ED3E1808-63A1-253E-C53D-CF19EB8528DC}.Release|Any CPU.ActiveCfg = Release|Any CPU
		{ED3E1808-63A1-253E-C53D-CF19EB8528DC}.Release|Any CPU.Build.0 = Release|Any CPU
	EndGlobalSection
	GlobalSection(SolutionProperties) = preSolution
		HideSolutionNode = FALSE
	EndGlobalSection
EndGlobal
